// !$*UTF8*$!
{
	archiveVersion = 1;
	classes = {
	};
	objectVersion = 55;
	objects = {

/* Begin PBXBuildFile section */
		47FD83FE28D07C71001E6EB6 /* AppDelegate.swift in Sources */ = {isa = PBXBuildFile; fileRef = 47FD83FD28D07C71001E6EB6 /* AppDelegate.swift */; };
		47FD840028D07C71001E6EB6 /* SceneDelegate.swift in Sources */ = {isa = PBXBuildFile; fileRef = 47FD83FF28D07C71001E6EB6 /* SceneDelegate.swift */; };
		47FD840228D07C71001E6EB6 /* StatusPageViewController.swift in Sources */ = {isa = PBXBuildFile; fileRef = 47FD840128D07C71001E6EB6 /* StatusPageViewController.swift */; };
		47FD840528D07C71001E6EB6 /* Main.storyboard in Resources */ = {isa = PBXBuildFile; fileRef = 47FD840328D07C71001E6EB6 /* Main.storyboard */; };
		47FD840728D07C73001E6EB6 /* Assets.xcassets in Resources */ = {isa = PBXBuildFile; fileRef = 47FD840628D07C73001E6EB6 /* Assets.xcassets */; };
		47FD840A28D07C73001E6EB6 /* LaunchScreen.storyboard in Resources */ = {isa = PBXBuildFile; fileRef = 47FD840828D07C73001E6EB6 /* LaunchScreen.storyboard */; };
		47FD841328D0B4B5001E6EB6 /* TaskTableViewCell.swift in Sources */ = {isa = PBXBuildFile; fileRef = 47FD841128D0B4B5001E6EB6 /* TaskTableViewCell.swift */; };
		47FD841428D0B4B5001E6EB6 /* TaskTableViewCell.xib in Resources */ = {isa = PBXBuildFile; fileRef = 47FD841228D0B4B5001E6EB6 /* TaskTableViewCell.xib */; };
		47FD841728D0B5FA001E6EB6 /* UIView+Extensions.swift in Sources */ = {isa = PBXBuildFile; fileRef = 47FD841628D0B5FA001E6EB6 /* UIView+Extensions.swift */; };
		47FD841928D0BAFA001E6EB6 /* Rubik-Medium.ttf in Resources */ = {isa = PBXBuildFile; fileRef = 47FD841828D0BAFA001E6EB6 /* Rubik-Medium.ttf */; };
		47FD841B28D0BC54001E6EB6 /* Rubik-Regular.ttf in Resources */ = {isa = PBXBuildFile; fileRef = 47FD841A28D0BC54001E6EB6 /* Rubik-Regular.ttf */; };
/* End PBXBuildFile section */

/* Begin PBXFileReference section */
		47FD83FA28D07C71001E6EB6 /* TimeTrackerApp.app */ = {isa = PBXFileReference; explicitFileType = wrapper.application; includeInIndex = 0; path = TimeTrackerApp.app; sourceTree = BUILT_PRODUCTS_DIR; };
		47FD83FD28D07C71001E6EB6 /* AppDelegate.swift */ = {isa = PBXFileReference; lastKnownFileType = sourcecode.swift; path = AppDelegate.swift; sourceTree = "<group>"; };
		47FD83FF28D07C71001E6EB6 /* SceneDelegate.swift */ = {isa = PBXFileReference; lastKnownFileType = sourcecode.swift; path = SceneDelegate.swift; sourceTree = "<group>"; };
		47FD840128D07C71001E6EB6 /* StatusPageViewController.swift */ = {isa = PBXFileReference; lastKnownFileType = sourcecode.swift; path = StatusPageViewController.swift; sourceTree = "<group>"; };
		47FD840428D07C71001E6EB6 /* Base */ = {isa = PBXFileReference; lastKnownFileType = file.storyboard; name = Base; path = Base.lproj/Main.storyboard; sourceTree = "<group>"; };
		47FD840628D07C73001E6EB6 /* Assets.xcassets */ = {isa = PBXFileReference; lastKnownFileType = folder.assetcatalog; path = Assets.xcassets; sourceTree = "<group>"; };
		47FD840928D07C73001E6EB6 /* Base */ = {isa = PBXFileReference; lastKnownFileType = file.storyboard; name = Base; path = Base.lproj/LaunchScreen.storyboard; sourceTree = "<group>"; };
		47FD840B28D07C73001E6EB6 /* Info.plist */ = {isa = PBXFileReference; lastKnownFileType = text.plist.xml; path = Info.plist; sourceTree = "<group>"; };
		47FD841128D0B4B5001E6EB6 /* TaskTableViewCell.swift */ = {isa = PBXFileReference; lastKnownFileType = sourcecode.swift; path = TaskTableViewCell.swift; sourceTree = "<group>"; };
		47FD841228D0B4B5001E6EB6 /* TaskTableViewCell.xib */ = {isa = PBXFileReference; lastKnownFileType = file.xib; path = TaskTableViewCell.xib; sourceTree = "<group>"; };
		47FD841628D0B5FA001E6EB6 /* UIView+Extensions.swift */ = {isa = PBXFileReference; lastKnownFileType = sourcecode.swift; path = "UIView+Extensions.swift"; sourceTree = "<group>"; };
		47FD841828D0BAFA001E6EB6 /* Rubik-Medium.ttf */ = {isa = PBXFileReference; lastKnownFileType = file; path = "Rubik-Medium.ttf"; sourceTree = "<group>"; };
		47FD841A28D0BC54001E6EB6 /* Rubik-Regular.ttf */ = {isa = PBXFileReference; lastKnownFileType = file; path = "Rubik-Regular.ttf"; sourceTree = "<group>"; };
/* End PBXFileReference section */

/* Begin PBXFrameworksBuildPhase section */
		47FD83F728D07C71001E6EB6 /* Frameworks */ = {
			isa = PBXFrameworksBuildPhase;
			buildActionMask = 2147483647;
			files = (
			);
			runOnlyForDeploymentPostprocessing = 0;
		};
/* End PBXFrameworksBuildPhase section */

/* Begin PBXGroup section */
		47FD83F128D07C71001E6EB6 = {
			isa = PBXGroup;
			children = (
				47FD83FC28D07C71001E6EB6 /* TimeTrackerApp */,
				47FD83FB28D07C71001E6EB6 /* Products */,
			);
			sourceTree = "<group>";
		};
		47FD83FB28D07C71001E6EB6 /* Products */ = {
			isa = PBXGroup;
			children = (
				47FD83FA28D07C71001E6EB6 /* TimeTrackerApp.app */,
			);
			name = Products;
			sourceTree = "<group>";
		};
		47FD83FC28D07C71001E6EB6 /* TimeTrackerApp */ = {
			isa = PBXGroup;
			children = (
				47FD841528D0B5D1001E6EB6 /* Extensions */,
				47FD83FD28D07C71001E6EB6 /* AppDelegate.swift */,
				47FD83FF28D07C71001E6EB6 /* SceneDelegate.swift */,
				47FD840128D07C71001E6EB6 /* StatusPageViewController.swift */,
				47FD841128D0B4B5001E6EB6 /* TaskTableViewCell.swift */,
				47FD841228D0B4B5001E6EB6 /* TaskTableViewCell.xib */,
				47FD840328D07C71001E6EB6 /* Main.storyboard */,
				47FD840628D07C73001E6EB6 /* Assets.xcassets */,
				47FD840828D07C73001E6EB6 /* LaunchScreen.storyboard */,
				47FD840B28D07C73001E6EB6 /* Info.plist */,
				47FD841828D0BAFA001E6EB6 /* Rubik-Medium.ttf */,
				47FD841A28D0BC54001E6EB6 /* Rubik-Regular.ttf */,
			);
			path = TimeTrackerApp;
			sourceTree = "<group>";
		};
		47FD841528D0B5D1001E6EB6 /* Extensions */ = {
			isa = PBXGroup;
			children = (
				47FD841628D0B5FA001E6EB6 /* UIView+Extensions.swift */,
			);
			path = Extensions;
			sourceTree = "<group>";
		};
/* End PBXGroup section */

/* Begin PBXNativeTarget section */
		47FD83F928D07C71001E6EB6 /* TimeTrackerApp */ = {
			isa = PBXNativeTarget;
			buildConfigurationList = 47FD840E28D07C73001E6EB6 /* Build configuration list for PBXNativeTarget "TimeTrackerApp" */;
			buildPhases = (
				47FD83F628D07C71001E6EB6 /* Sources */,
				47FD83F728D07C71001E6EB6 /* Frameworks */,
				47FD83F828D07C71001E6EB6 /* Resources */,
			);
			buildRules = (
			);
			dependencies = (
			);
			name = TimeTrackerApp;
			productName = TimeTrackerApp;
			productReference = 47FD83FA28D07C71001E6EB6 /* TimeTrackerApp.app */;
			productType = "com.apple.product-type.application";
		};
/* End PBXNativeTarget section */

/* Begin PBXProject section */
		47FD83F228D07C71001E6EB6 /* Project object */ = {
			isa = PBXProject;
			attributes = {
				BuildIndependentTargetsInParallel = 1;
				LastSwiftUpdateCheck = 1340;
				LastUpgradeCheck = 1340;
				TargetAttributes = {
					47FD83F928D07C71001E6EB6 = {
						CreatedOnToolsVersion = 13.4.1;
					};
				};
			};
			buildConfigurationList = 47FD83F528D07C71001E6EB6 /* Build configuration list for PBXProject "TimeTrackerApp" */;
			compatibilityVersion = "Xcode 13.0";
			developmentRegion = en;
			hasScannedForEncodings = 0;
			knownRegions = (
				en,
				Base,
			);
			mainGroup = 47FD83F128D07C71001E6EB6;
			productRefGroup = 47FD83FB28D07C71001E6EB6 /* Products */;
			projectDirPath = "";
			projectRoot = "";
			targets = (
				47FD83F928D07C71001E6EB6 /* TimeTrackerApp */,
			);
		};
/* End PBXProject section */

/* Begin PBXResourcesBuildPhase section */
		47FD83F828D07C71001E6EB6 /* Resources */ = {
			isa = PBXResourcesBuildPhase;
			buildActionMask = 2147483647;
			files = (
				47FD841428D0B4B5001E6EB6 /* TaskTableViewCell.xib in Resources */,
				47FD841B28D0BC54001E6EB6 /* Rubik-Regular.ttf in Resources */,
				47FD840A28D07C73001E6EB6 /* LaunchScreen.storyboard in Resources */,
				47FD840728D07C73001E6EB6 /* Assets.xcassets in Resources */,
				47FD840528D07C71001E6EB6 /* Main.storyboard in Resources */,
				47FD841928D0BAFA001E6EB6 /* Rubik-Medium.ttf in Resources */,
			);
			runOnlyForDeploymentPostprocessing = 0;
		};
/* End PBXResourcesBuildPhase section */

/* Begin PBXSourcesBuildPhase section */
		47FD83F628D07C71001E6EB6 /* Sources */ = {
			isa = PBXSourcesBuildPhase;
			buildActionMask = 2147483647;
			files = (
				47FD841328D0B4B5001E6EB6 /* TaskTableViewCell.swift in Sources */,
				47FD840228D07C71001E6EB6 /* StatusPageViewController.swift in Sources */,
				47FD841728D0B5FA001E6EB6 /* UIView+Extensions.swift in Sources */,
				47FD83FE28D07C71001E6EB6 /* AppDelegate.swift in Sources */,
				47FD840028D07C71001E6EB6 /* SceneDelegate.swift in Sources */,
			);
			runOnlyForDeploymentPostprocessing = 0;
		};
/* End PBXSourcesBuildPhase section */

/* Begin PBXVariantGroup section */
		47FD840328D07C71001E6EB6 /* Main.storyboard */ = {
			isa = PBXVariantGroup;
			children = (
				47FD840428D07C71001E6EB6 /* Base */,
			);
			name = Main.storyboard;
			sourceTree = "<group>";
		};
		47FD840828D07C73001E6EB6 /* LaunchScreen.storyboard */ = {
			isa = PBXVariantGroup;
			children = (
				47FD840928D07C73001E6EB6 /* Base */,
			);
			name = LaunchScreen.storyboard;
			sourceTree = "<group>";
		};
/* End PBXVariantGroup section */

/* Begin XCBuildConfiguration section */
		47FD840C28D07C73001E6EB6 /* Debug */ = {
			isa = XCBuildConfiguration;
			buildSettings = {
				ALWAYS_SEARCH_USER_PATHS = NO;
				CLANG_ANALYZER_NONNULL = YES;
				CLANG_ANALYZER_NUMBER_OBJECT_CONVERSION = YES_AGGRESSIVE;
				CLANG_CXX_LANGUAGE_STANDARD = "gnu++17";
				CLANG_ENABLE_MODULES = YES;
				CLANG_ENABLE_OBJC_ARC = YES;
				CLANG_ENABLE_OBJC_WEAK = YES;
				CLANG_WARN_BLOCK_CAPTURE_AUTORELEASING = YES;
				CLANG_WARN_BOOL_CONVERSION = YES;
				CLANG_WARN_COMMA = YES;
				CLANG_WARN_CONSTANT_CONVERSION = YES;
				CLANG_WARN_DEPRECATED_OBJC_IMPLEMENTATIONS = YES;
				CLANG_WARN_DIRECT_OBJC_ISA_USAGE = YES_ERROR;
				CLANG_WARN_DOCUMENTATION_COMMENTS = YES;
				CLANG_WARN_EMPTY_BODY = YES;
				CLANG_WARN_ENUM_CONVERSION = YES;
				CLANG_WARN_INFINITE_RECURSION = YES;
				CLANG_WARN_INT_CONVERSION = YES;
				CLANG_WARN_NON_LITERAL_NULL_CONVERSION = YES;
				CLANG_WARN_OBJC_IMPLICIT_RETAIN_SELF = YES;
				CLANG_WARN_OBJC_LITERAL_CONVERSION = YES;
				CLANG_WARN_OBJC_ROOT_CLASS = YES_ERROR;
				CLANG_WARN_QUOTED_INCLUDE_IN_FRAMEWORK_HEADER = YES;
				CLANG_WARN_RANGE_LOOP_ANALYSIS = YES;
				CLANG_WARN_STRICT_PROTOTYPES = YES;
				CLANG_WARN_SUSPICIOUS_MOVE = YES;
				CLANG_WARN_UNGUARDED_AVAILABILITY = YES_AGGRESSIVE;
				CLANG_WARN_UNREACHABLE_CODE = YES;
				CLANG_WARN__DUPLICATE_METHOD_MATCH = YES;
				COPY_PHASE_STRIP = NO;
				DEBUG_INFORMATION_FORMAT = dwarf;
				ENABLE_STRICT_OBJC_MSGSEND = YES;
				ENABLE_TESTABILITY = YES;
				GCC_C_LANGUAGE_STANDARD = gnu11;
				GCC_DYNAMIC_NO_PIC = NO;
				GCC_NO_COMMON_BLOCKS = YES;
				GCC_OPTIMIZATION_LEVEL = 0;
				GCC_PREPROCESSOR_DEFINITIONS = (
					"DEBUG=1",
					"$(inherited)",
				);
				GCC_WARN_64_TO_32_BIT_CONVERSION = YES;
				GCC_WARN_ABOUT_RETURN_TYPE = YES_ERROR;
				GCC_WARN_UNDECLARED_SELECTOR = YES;
				GCC_WARN_UNINITIALIZED_AUTOS = YES_AGGRESSIVE;
				GCC_WARN_UNUSED_FUNCTION = YES;
				GCC_WARN_UNUSED_VARIABLE = YES;
				IPHONEOS_DEPLOYMENT_TARGET = 15.5;
				MTL_ENABLE_DEBUG_INFO = INCLUDE_SOURCE;
				MTL_FAST_MATH = YES;
				ONLY_ACTIVE_ARCH = YES;
				SDKROOT = iphoneos;
				SWIFT_ACTIVE_COMPILATION_CONDITIONS = DEBUG;
				SWIFT_OPTIMIZATION_LEVEL = "-Onone";
			};
			name = Debug;
		};
		47FD840D28D07C73001E6EB6 /* Release */ = {
			isa = XCBuildConfiguration;
			buildSettings = {
				ALWAYS_SEARCH_USER_PATHS = NO;
				CLANG_ANALYZER_NONNULL = YES;
				CLANG_ANALYZER_NUMBER_OBJECT_CONVERSION = YES_AGGRESSIVE;
				CLANG_CXX_LANGUAGE_STANDARD = "gnu++17";
				CLANG_ENABLE_MODULES = YES;
				CLANG_ENABLE_OBJC_ARC = YES;
				CLANG_ENABLE_OBJC_WEAK = YES;
				CLANG_WARN_BLOCK_CAPTURE_AUTORELEASING = YES;
				CLANG_WARN_BOOL_CONVERSION = YES;
				CLANG_WARN_COMMA = YES;
				CLANG_WARN_CONSTANT_CONVERSION = YES;
				CLANG_WARN_DEPRECATED_OBJC_IMPLEMENTATIONS = YES;
				CLANG_WARN_DIRECT_OBJC_ISA_USAGE = YES_ERROR;
				CLANG_WARN_DOCUMENTATION_COMMENTS = YES;
				CLANG_WARN_EMPTY_BODY = YES;
				CLANG_WARN_ENUM_CONVERSION = YES;
				CLANG_WARN_INFINITE_RECURSION = YES;
				CLANG_WARN_INT_CONVERSION = YES;
				CLANG_WARN_NON_LITERAL_NULL_CONVERSION = YES;
				CLANG_WARN_OBJC_IMPLICIT_RETAIN_SELF = YES;
				CLANG_WARN_OBJC_LITERAL_CONVERSION = YES;
				CLANG_WARN_OBJC_ROOT_CLASS = YES_ERROR;
				CLANG_WARN_QUOTED_INCLUDE_IN_FRAMEWORK_HEADER = YES;
				CLANG_WARN_RANGE_LOOP_ANALYSIS = YES;
				CLANG_WARN_STRICT_PROTOTYPES = YES;
				CLANG_WARN_SUSPICIOUS_MOVE = YES;
				CLANG_WARN_UNGUARDED_AVAILABILITY = YES_AGGRESSIVE;
				CLANG_WARN_UNREACHABLE_CODE = YES;
				CLANG_WARN__DUPLICATE_METHOD_MATCH = YES;
				COPY_PHASE_STRIP = NO;
				DEBUG_INFORMATION_FORMAT = "dwarf-with-dsym";
				ENABLE_NS_ASSERTIONS = NO;
				ENABLE_STRICT_OBJC_MSGSEND = YES;
				GCC_C_LANGUAGE_STANDARD = gnu11;
				GCC_NO_COMMON_BLOCKS = YES;
				GCC_WARN_64_TO_32_BIT_CONVERSION = YES;
				GCC_WARN_ABOUT_RETURN_TYPE = YES_ERROR;
				GCC_WARN_UNDECLARED_SELECTOR = YES;
				GCC_WARN_UNINITIALIZED_AUTOS = YES_AGGRESSIVE;
				GCC_WARN_UNUSED_FUNCTION = YES;
				GCC_WARN_UNUSED_VARIABLE = YES;
				IPHONEOS_DEPLOYMENT_TARGET = 15.5;
				MTL_ENABLE_DEBUG_INFO = NO;
				MTL_FAST_MATH = YES;
				SDKROOT = iphoneos;
				SWIFT_COMPILATION_MODE = wholemodule;
				SWIFT_OPTIMIZATION_LEVEL = "-O";
				VALIDATE_PRODUCT = YES;
			};
			name = Release;
		};
		47FD840F28D07C73001E6EB6 /* Debug */ = {
			isa = XCBuildConfiguration;
			buildSettings = {
				ASSETCATALOG_COMPILER_APPICON_NAME = AppIcon;
				ASSETCATALOG_COMPILER_GLOBAL_ACCENT_COLOR_NAME = AccentColor;
				CODE_SIGN_STYLE = Automatic;
				CURRENT_PROJECT_VERSION = 1;
				DEVELOPMENT_TEAM = W8YZQLY66R;
				GENERATE_INFOPLIST_FILE = YES;
				INFOPLIST_FILE = TimeTrackerApp/Info.plist;
				INFOPLIST_KEY_UIApplicationSupportsIndirectInputEvents = YES;
				INFOPLIST_KEY_UILaunchStoryboardName = LaunchScreen;
				INFOPLIST_KEY_UIMainStoryboardFile = Main;
				INFOPLIST_KEY_UISupportedInterfaceOrientations_iPad = "UIInterfaceOrientationPortrait UIInterfaceOrientationPortraitUpsideDown UIInterfaceOrientationLandscapeLeft UIInterfaceOrientationLandscapeRight";
				INFOPLIST_KEY_UISupportedInterfaceOrientations_iPhone = "UIInterfaceOrientationPortrait UIInterfaceOrientationLandscapeLeft UIInterfaceOrientationLandscapeRight";
				LD_RUNPATH_SEARCH_PATHS = (
					"$(inherited)",
					"@executable_path/Frameworks",
				);
				MARKETING_VERSION = 1.0;
				PRODUCT_BUNDLE_IDENTIFIER = batuunverdi.TimeTrackerApp;
				PRODUCT_NAME = "$(TARGET_NAME)";
				SWIFT_EMIT_LOC_STRINGS = YES;
				SWIFT_VERSION = 5.0;
				TARGETED_DEVICE_FAMILY = "1,2";
			};
			name = Debug;
		};
		47FD841028D07C73001E6EB6 /* Release */ = {
			isa = XCBuildConfiguration;
			buildSettings = {
				ASSETCATALOG_COMPILER_APPICON_NAME = AppIcon;
				ASSETCATALOG_COMPILER_GLOBAL_ACCENT_COLOR_NAME = AccentColor;
				CODE_SIGN_STYLE = Automatic;
				CURRENT_PROJECT_VERSION = 1;
				DEVELOPMENT_TEAM = W8YZQLY66R;
				GENERATE_INFOPLIST_FILE = YES;
				INFOPLIST_FILE = TimeTrackerApp/Info.plist;
				INFOPLIST_KEY_UIApplicationSupportsIndirectInputEvents = YES;
				INFOPLIST_KEY_UILaunchStoryboardName = LaunchScreen;
				INFOPLIST_KEY_UIMainStoryboardFile = Main;
				INFOPLIST_KEY_UISupportedInterfaceOrientations_iPad = "UIInterfaceOrientationPortrait UIInterfaceOrientationPortraitUpsideDown UIInterfaceOrientationLandscapeLeft UIInterfaceOrientationLandscapeRight";
				INFOPLIST_KEY_UISupportedInterfaceOrientations_iPhone = "UIInterfaceOrientationPortrait UIInterfaceOrientationLandscapeLeft UIInterfaceOrientationLandscapeRight";
				LD_RUNPATH_SEARCH_PATHS = (
					"$(inherited)",
					"@executable_path/Frameworks",
				);
				MARKETING_VERSION = 1.0;
				PRODUCT_BUNDLE_IDENTIFIER = batuunverdi.TimeTrackerApp;
				PRODUCT_NAME = "$(TARGET_NAME)";
				SWIFT_EMIT_LOC_STRINGS = YES;
				SWIFT_VERSION = 5.0;
				TARGETED_DEVICE_FAMILY = "1,2";
			};
			name = Release;
		};
/* End XCBuildConfiguration section */

/* Begin XCConfigurationList section */
		47FD83F528D07C71001E6EB6 /* Build configuration list for PBXProject "TimeTrackerApp" */ = {
			isa = XCConfigurationList;
			buildConfigurations = (
				47FD840C28D07C73001E6EB6 /* Debug */,
				47FD840D28D07C73001E6EB6 /* Release */,
			);
			defaultConfigurationIsVisible = 0;
			defaultConfigurationName = Release;
		};
		47FD840E28D07C73001E6EB6 /* Build configuration list for PBXNativeTarget "TimeTrackerApp" */ = {
			isa = XCConfigurationList;
			buildConfigurations = (
				47FD840F28D07C73001E6EB6 /* Debug */,
				47FD841028D07C73001E6EB6 /* Release */,
			);
			defaultConfigurationIsVisible = 0;
			defaultConfigurationName = Release;
		};
/* End XCConfigurationList section */
	};
	rootObject = 47FD83F228D07C71001E6EB6 /* Project object */;
}
